Microsoft Visual Studio Solution File, Format Version 11.00
# Visual Studio 2008

Project("{0F96337B-E181-4A9D-00BE-881426036E01}") = "Survive", "Assembly-CSharp-firstpass.csproj", "{2F295402-8097-0CD0-80E4-0AC5F915D62F}"
EndProject
Project("{0F96337B-E181-4A9D-00BE-881426036E01}") = "Survive", "Assembly-CSharp.csproj", "{EE6E83D2-404F-FFE5-722E-E4F8155A0E48}"
EndProject
Project("{0F96337B-E181-4A9D-00BE-881426036E01}") = "Survive", "Assembly-CSharp-Editor.csproj", "{4C4A5387-A5A0-BBF3-3080-13D1E8865FDF}"
EndProject
Global
	GlobalSection(SolutionConfigurationPlatforms) = preSolution
		Debug|Any CPU = Debug|Any CPU
		Release|Any CPU = Release|Any CPU
	EndGlobalSection
	GlobalSection(ProjectConfigurationPlatforms) = postSolution
		{2F295402-8097-0CD0-80E4-0AC5F915D62F}.Debug|Any CPU.ActiveCfg = Debug|Any CPU
		{2F295402-8097-0CD0-80E4-0AC5F915D62F}.Debug|Any CPU.Build.0 = Debug|Any CPU
		{2F295402-8097-0CD0-80E4-0AC5F915D62F}.Release|Any CPU.ActiveCfg = Release|Any CPU
		{2F295402-8097-0CD0-80E4-0AC5F915D62F}.Release|Any CPU.Build.0 = Release|Any CPU
		{EE6E83D2-404F-FFE5-722E-E4F8155A0E48}.Debug|Any CPU.ActiveCfg = Debug|Any CPU
		{EE6E83D2-404F-FFE5-722E-E4F8155A0E48}.Debug|Any CPU.Build.0 = Debug|Any CPU
		{EE6E83D2-404F-FFE5-722E-E4F8155A0E48}.Release|Any CPU.ActiveCfg = Release|Any CPU
		{EE6E83D2-404F-FFE5-722E-E4F8155A0E48}.Release|Any CPU.Build.0 = Release|Any CPU
		{4C4A5387-A5A0-BBF3-3080-13D1E8865FDF}.Debug|Any CPU.ActiveCfg = Debug|Any CPU
		{4C4A5387-A5A0-BBF3-3080-13D1E8865FDF}.Debug|Any CPU.Build.0 = Debug|Any CPU
		{4C4A5387-A5A0-BBF3-3080-13D1E8865FDF}.Release|Any CPU.ActiveCfg = Release|Any CPU
		{4C4A5387-A5A0-BBF3-3080-13D1E8865FDF}.Release|Any CPU.Build.0 = Release|Any CPU
	EndGlobalSection
	GlobalSection(SolutionProperties) = preSolution
		HideSolutionNode = FALSE
	EndGlobalSection
	GlobalSection(MonoDevelopProperties) = preSolution
		StartupItem = Assembly-CSharp.csproj
	EndGlobalSection
EndGlobal
